
Microsoft Visual Studio Solution File, Format Version 12.00
# Visual Studio 14
VisualStudioVersion = 14.0.25123.0
MinimumVisualStudioVersion = 10.0.40219.1
Project("{FAE04EC0-301F-11D3-BF4B-00C04F79EFBC}") = "Transactions", "Transactions\Transactions.csproj", "{5A190072-DA13-49AC-831F-948371B70161}"
EndProject
Project("{FAE04EC0-301F-11D3-BF4B-00C04F79EFBC}") = "Transactions.Tests", "Transactions.Tests\Transactions.Tests.csproj", "{F201EDD2-B4AC-4F34-BC43-E9DD8F81A48C}"
EndProject
Global
	GlobalSection(SolutionConfigurationPlatforms) = preSolution
		Debug|Any CPU = Debug|Any CPU
		Release|Any CPU = Release|Any CPU
	EndGlobalSection
	GlobalSection(ProjectConfigurationPlatforms) = postSolution
		{5A190072-DA13-49AC-831F-948371B70161}.Debug|Any CPU.ActiveCfg = Debug|Any CPU
		{5A190072-DA13-49AC-831F-948371B70161}.Debug|Any CPU.Build.0 = Debug|Any CPU
		{5A190072-DA13-49AC-831F-948371B70161}.Release|Any CPU.ActiveCfg = Release|Any CPU
		{5A190072-DA13-49AC-831F-948371B70161}.Release|Any CPU.Build.0 = Release|Any CPU
		{F201EDD2-B4AC-4F34-BC43-E9DD8F81A48C}.Debug|Any CPU.ActiveCfg = Debug|Any CPU
		{F201EDD2-B4AC-4F34-BC43-E9DD8F81A48C}.Debug|Any CPU.Build.0 = Debug|Any CPU
		{F201EDD2-B4AC-4F34-BC43-E9DD8F81A48C}.Release|Any CPU.ActiveCfg = Release|Any CPU
		{F201EDD2-B4AC-4F34-BC43-E9DD8F81A48C}.Release|Any CPU.Build.0 = Release|Any CPU
	EndGlobalSection
	GlobalSection(SolutionProperties) = preSolution
		HideSolutionNode = FALSE
	EndGlobalSection
EndGlobal
